# THIS IS AN AUTOGENERATED FILE. DO NOT EDIT THIS FILE DIRECTLY.
# yarn lockfile v1


"@types/faker@^4.1.5":
  version "4.1.5"
  resolved "https://registry.yarnpkg.com/@types/faker/-/faker-4.1.5.tgz#8f620f9c9a67150aa0a32b4e8a407da43fca61d4"
  integrity sha512-YSDqoBEWYGdNk53xSkkb6REaUaVSlIjxIAGjj/nbLzlZOit7kUU+nA2zC2qQkIVO4MQ+3zl4Sz7aw+kbpHHHUQ==

"@types/googlemaps@^3.37.6":
  version "3.37.6"
  resolved "https://registry.yarnpkg.com/@types/googlemaps/-/googlemaps-3.37.6.tgz#4646e4bd8dcc1beaf522b6e1c2a4228d22e9482f"
  integrity sha512-ANA1t8sjnLvsxFWVxsbzqj1TTYCwp4j+oOXOiezqCenH2jPwYYhpBSqUzG4A3tpuFW1bL/xhAxhN8DRwDFg2Mw==

faker@^4.1.0:
  version "4.1.0"
  resolved "https://registry.yarnpkg.com/faker/-/faker-4.1.0.tgz#1e45bbbecc6774b3c195fad2835109c6d748cc3f"
  integrity sha1-HkW7vsxndLPBlfrSg1EJxtdIzD8=

typescript@^3.6.3:
  version "3.6.3"
  resolved "https://registry.yarnpkg.com/typescript/-/typescript-3.6.3.tgz#fea942fabb20f7e1ca7164ff626f1a9f3f70b4da"
  integrity sha512-N7bceJL1CtRQ2RiG0AQME13ksR7DiuQh/QehubYcghzv20tnh+MQnQIuJddTmsbqYj+dztchykemz0zFzlvdQw==
